
Microsoft Visual Studio Solution File, Format Version 12.00
# Visual Studio Version 16
VisualStudioVersion = 16.0.30104.148
MinimumVisualStudioVersion = 10.0.40219.1
Project("{FAE04EC0-301F-11D3-BF4B-00C04F79EFBC}") = "AnimalClasses", "AnimalClasses\AnimalClasses.csproj", "{FBD04D9C-3FCE-44F1-940E-38B7026FDEB6}"
EndProject
Global
	GlobalSection(SolutionConfigurationPlatforms) = preSolution
		Debug|Any CPU = Debug|Any CPU
		Release|Any CPU = Release|Any CPU
	EndGlobalSection
	GlobalSection(ProjectConfigurationPlatforms) = postSolution
		{FBD04D9C-3FCE-44F1-940E-38B7026FDEB6}.Debug|Any CPU.ActiveCfg = Debug|Any CPU
		{FBD04D9C-3FCE-44F1-940E-38B7026FDEB6}.Debug|Any CPU.Build.0 = Debug|Any CPU
		{FBD04D9C-3FCE-44F1-940E-38B7026FDEB6}.Release|Any CPU.ActiveCfg = Release|Any CPU
		{FBD04D9C-3FCE-44F1-940E-38B7026FDEB6}.Release|Any CPU.Build.0 = Release|Any CPU
	EndGlobalSection
	GlobalSection(SolutionProperties) = preSolution
		HideSolutionNode = FALSE
	EndGlobalSection
	GlobalSection(ExtensibilityGlobals) = postSolution
		SolutionGuid = {30ED6241-E3F5-474F-9ED7-B50D24357D92}
	EndGlobalSection
EndGlobal
