
Microsoft Visual Studio Solution File, Format Version 12.00
# Visual Studio Version 16
VisualStudioVersion = 16.0.30104.148
MinimumVisualStudioVersion = 10.0.40219.1
Project("{FAE04EC0-301F-11D3-BF4B-00C04F79EFBC}") = "CarShopGUI", "CarShopGUI\CarShopGUI.csproj", "{1949C049-A896-4706-A9FA-6EE7C2C4E041}"
EndProject
Project("{9A19103F-16F7-4668-BE54-9A1E7A4F7556}") = "CarClassLibrary", "..\CarClassLibraryforGUI\CarClassLibrary\CarClassLibrary.csproj", "{4210E204-A6D1-4567-8D7B-DA685D561109}"
EndProject
Global
	GlobalSection(SolutionConfigurationPlatforms) = preSolution
		Debug|Any CPU = Debug|Any CPU
		Release|Any CPU = Release|Any CPU
	EndGlobalSection
	GlobalSection(ProjectConfigurationPlatforms) = postSolution
		{1949C049-A896-4706-A9FA-6EE7C2C4E041}.Debug|Any CPU.ActiveCfg = Debug|Any CPU
		{1949C049-A896-4706-A9FA-6EE7C2C4E041}.Debug|Any CPU.Build.0 = Debug|Any CPU
		{1949C049-A896-4706-A9FA-6EE7C2C4E041}.Release|Any CPU.ActiveCfg = Release|Any CPU
		{1949C049-A896-4706-A9FA-6EE7C2C4E041}.Release|Any CPU.Build.0 = Release|Any CPU
		{4210E204-A6D1-4567-8D7B-DA685D561109}.Debug|Any CPU.ActiveCfg = Debug|Any CPU
		{4210E204-A6D1-4567-8D7B-DA685D561109}.Debug|Any CPU.Build.0 = Debug|Any CPU
		{4210E204-A6D1-4567-8D7B-DA685D561109}.Release|Any CPU.ActiveCfg = Release|Any CPU
		{4210E204-A6D1-4567-8D7B-DA685D561109}.Release|Any CPU.Build.0 = Release|Any CPU
	EndGlobalSection
	GlobalSection(SolutionProperties) = preSolution
		HideSolutionNode = FALSE
	EndGlobalSection
	GlobalSection(ExtensibilityGlobals) = postSolution
		SolutionGuid = {B72B7614-B4AD-4E13-817F-B68A93662C88}
	EndGlobalSection
EndGlobal
