
Microsoft Visual Studio Solution File, Format Version 12.00
# Visual Studio Version 16
VisualStudioVersion = 16.0.30104.148
MinimumVisualStudioVersion = 10.0.40219.1
Project("{FAE04EC0-301F-11D3-BF4B-00C04F79EFBC}") = "CandyCrush", "CandyCrush\CandyCrush.csproj", "{20A80422-D935-49FA-B25F-92A1BC34A852}"
EndProject
Global
	GlobalSection(SolutionConfigurationPlatforms) = preSolution
		Debug|Any CPU = Debug|Any CPU
		Release|Any CPU = Release|Any CPU
	EndGlobalSection
	GlobalSection(ProjectConfigurationPlatforms) = postSolution
		{20A80422-D935-49FA-B25F-92A1BC34A852}.Debug|Any CPU.ActiveCfg = Debug|Any CPU
		{20A80422-D935-49FA-B25F-92A1BC34A852}.Debug|Any CPU.Build.0 = Debug|Any CPU
		{20A80422-D935-49FA-B25F-92A1BC34A852}.Release|Any CPU.ActiveCfg = Release|Any CPU
		{20A80422-D935-49FA-B25F-92A1BC34A852}.Release|Any CPU.Build.0 = Release|Any CPU
	EndGlobalSection
	GlobalSection(SolutionProperties) = preSolution
		HideSolutionNode = FALSE
	EndGlobalSection
	GlobalSection(ExtensibilityGlobals) = postSolution
		SolutionGuid = {ED96BFD3-6BDD-4EFB-AD67-08F59A25BD30}
	EndGlobalSection
EndGlobal
